
Microsoft Visual Studio Solution File, Format Version 12.00
# Visual Studio 15
VisualStudioVersion = 15.0.26020.0
MinimumVisualStudioVersion = 10.0.40219.1
Project("{FAE04EC0-301F-11D3-BF4B-00C04F79EFBC}") = "kstar.console", "kstar.console\kstar.console.csproj", "{765DC0D8-369F-47B5-9FBB-12255AFDAE2E}"
EndProject
Project("{FAE04EC0-301F-11D3-BF4B-00C04F79EFBC}") = "kstar.sharp.sqlite", "kstar.sharp.sqlite\kstar.sharp.sqlite.csproj", "{BF2C4DA6-C306-44F3-AFEC-9CF9FFE78AEA}"
EndProject
Project("{FAE04EC0-301F-11D3-BF4B-00C04F79EFBC}") = "kstar.sharp.datacollect", "kstar.sharp.datacollect\kstar.sharp.datacollect.csproj", "{DB4486C4-53DB-429E-B1A9-44BE9720616A}"
EndProject
Project("{FAE04EC0-301F-11D3-BF4B-00C04F79EFBC}") = "kstar.sharp.aspnetcore", "kstar.sharp.aspnetcore\kstar.sharp.aspnetcore.csproj", "{6E74F3CE-B119-4703-AA2C-6F5120EAE541}"
EndProject
Project("{FAE04EC0-301F-11D3-BF4B-00C04F79EFBC}") = "kstar.sharp.ef", "kstar.sharp.ef\kstar.sharp.ef.csproj", "{292556AE-620F-4E6B-8E78-3377B9492382}"
EndProject
Project("{FAE04EC0-301F-11D3-BF4B-00C04F79EFBC}") = "kstar.sharp", "kstar.sharp\kstar.sharp.csproj", "{5837004B-FDB2-4E39-AE6B-33C362606207}"
EndProject
Project("{FAE04EC0-301F-11D3-BF4B-00C04F79EFBC}") = "kstar.sharp.domain", "kstar.sharp.domain\kstar.sharp.domain.csproj", "{C042673C-5265-41F1-BEB3-3029CFAE6782}"
EndProject
Project("{2150E333-8FDC-42A3-9474-1A3956D46DE8}") = "build", "build", "{D113B78E-BA13-4921-9A3E-2C7EB9E388FB}"
	ProjectSection(SolutionItems) = preProject
		build-docker-aspnetcore.sh = build-docker-aspnetcore.sh
		Dockerfile = Dockerfile
	EndProjectSection
EndProject
Global
	GlobalSection(SolutionConfigurationPlatforms) = preSolution
		Debug|Any CPU = Debug|Any CPU
		Release|Any CPU = Release|Any CPU
	EndGlobalSection
	GlobalSection(ProjectConfigurationPlatforms) = postSolution
		{765DC0D8-369F-47B5-9FBB-12255AFDAE2E}.Debug|Any CPU.ActiveCfg = Debug|Any CPU
		{765DC0D8-369F-47B5-9FBB-12255AFDAE2E}.Debug|Any CPU.Build.0 = Debug|Any CPU
		{765DC0D8-369F-47B5-9FBB-12255AFDAE2E}.Release|Any CPU.ActiveCfg = Release|Any CPU
		{765DC0D8-369F-47B5-9FBB-12255AFDAE2E}.Release|Any CPU.Build.0 = Release|Any CPU
		{BF2C4DA6-C306-44F3-AFEC-9CF9FFE78AEA}.Debug|Any CPU.ActiveCfg = Debug|Any CPU
		{BF2C4DA6-C306-44F3-AFEC-9CF9FFE78AEA}.Debug|Any CPU.Build.0 = Debug|Any CPU
		{BF2C4DA6-C306-44F3-AFEC-9CF9FFE78AEA}.Release|Any CPU.ActiveCfg = Release|Any CPU
		{BF2C4DA6-C306-44F3-AFEC-9CF9FFE78AEA}.Release|Any CPU.Build.0 = Release|Any CPU
		{DB4486C4-53DB-429E-B1A9-44BE9720616A}.Debug|Any CPU.ActiveCfg = Debug|Any CPU
		{DB4486C4-53DB-429E-B1A9-44BE9720616A}.Debug|Any CPU.Build.0 = Debug|Any CPU
		{DB4486C4-53DB-429E-B1A9-44BE9720616A}.Release|Any CPU.ActiveCfg = Release|Any CPU
		{DB4486C4-53DB-429E-B1A9-44BE9720616A}.Release|Any CPU.Build.0 = Release|Any CPU
		{6E74F3CE-B119-4703-AA2C-6F5120EAE541}.Debug|Any CPU.ActiveCfg = Debug|Any CPU
		{6E74F3CE-B119-4703-AA2C-6F5120EAE541}.Debug|Any CPU.Build.0 = Debug|Any CPU
		{6E74F3CE-B119-4703-AA2C-6F5120EAE541}.Release|Any CPU.ActiveCfg = Release|Any CPU
		{6E74F3CE-B119-4703-AA2C-6F5120EAE541}.Release|Any CPU.Build.0 = Release|Any CPU
		{292556AE-620F-4E6B-8E78-3377B9492382}.Debug|Any CPU.ActiveCfg = Debug|Any CPU
		{292556AE-620F-4E6B-8E78-3377B9492382}.Debug|Any CPU.Build.0 = Debug|Any CPU
		{292556AE-620F-4E6B-8E78-3377B9492382}.Release|Any CPU.ActiveCfg = Release|Any CPU
		{292556AE-620F-4E6B-8E78-3377B9492382}.Release|Any CPU.Build.0 = Release|Any CPU
		{5837004B-FDB2-4E39-AE6B-33C362606207}.Debug|Any CPU.ActiveCfg = Debug|Any CPU
		{5837004B-FDB2-4E39-AE6B-33C362606207}.Debug|Any CPU.Build.0 = Debug|Any CPU
		{5837004B-FDB2-4E39-AE6B-33C362606207}.Release|Any CPU.ActiveCfg = Release|Any CPU
		{5837004B-FDB2-4E39-AE6B-33C362606207}.Release|Any CPU.Build.0 = Release|Any CPU
		{C042673C-5265-41F1-BEB3-3029CFAE6782}.Debug|Any CPU.ActiveCfg = Debug|Any CPU
		{C042673C-5265-41F1-BEB3-3029CFAE6782}.Debug|Any CPU.Build.0 = Debug|Any CPU
		{C042673C-5265-41F1-BEB3-3029CFAE6782}.Release|Any CPU.ActiveCfg = Release|Any CPU
		{C042673C-5265-41F1-BEB3-3029CFAE6782}.Release|Any CPU.Build.0 = Release|Any CPU
	EndGlobalSection
	GlobalSection(SolutionProperties) = preSolution
		HideSolutionNode = FALSE
	EndGlobalSection
	GlobalSection(ExtensibilityGlobals) = postSolution
		SolutionGuid = {82E4E249-4892-4AAD-833F-0BA1F9B96CB7}
	EndGlobalSection
EndGlobal
